// !$*UTF8*$!
{
	archiveVersion = 1;
	classes = {
	};
	objectVersion = 56;
	objects = {

/* Begin PBXBuildFile section */
		0568F4742BEAEBE0002FC6C7 /* AppDelegate.swift in Sources */ = {isa = PBXBuildFile; fileRef = 0568F4732BEAEBE0002FC6C7 /* AppDelegate.swift */; };
		0568F4782BEAEBE0002FC6C7 /* Base in Resources */ = {isa = PBXBuildFile; fileRef = 0568F4772BEAEBE0002FC6C7 /* Base */; };
		0568F47A2BEAEBE0002FC6C7 /* Icon.png in Resources */ = {isa = PBXBuildFile; fileRef = 0568F4792BEAEBE0002FC6C7 /* Icon.png */; };
		0568F47C2BEAEBE0002FC6C7 /* Style.css in Resources */ = {isa = PBXBuildFile; fileRef = 0568F47B2BEAEBE0002FC6C7 /* Style.css */; };
		0568F47E2BEAEBE0002FC6C7 /* Script.js in Resources */ = {isa = PBXBuildFile; fileRef = 0568F47D2BEAEBE0002FC6C7 /* Script.js */; };
		0568F4802BEAEBE0002FC6C7 /* ViewController.swift in Sources */ = {isa = PBXBuildFile; fileRef = 0568F47F2BEAEBE0002FC6C7 /* ViewController.swift */; };
		0568F4832BEAEBE0002FC6C7 /* Base in Resources */ = {isa = PBXBuildFile; fileRef = 0568F4822BEAEBE0002FC6C7 /* Base */; };
		0568F4852BEAEBE2002FC6C7 /* Assets.xcassets in Resources */ = {isa = PBXBuildFile; fileRef = 0568F4842BEAEBE2002FC6C7 /* Assets.xcassets */; };
		0568F48D2BEAEBE2002FC6C7 /* SkipTube Extension.appex in Embed Foundation Extensions */ = {isa = PBXBuildFile; fileRef = 0568F48C2BEAEBE2002FC6C7 /* SkipTube Extension.appex */; settings = {ATTRIBUTES = (RemoveHeadersOnCopy, ); }; };
		0568F4922BEAEBE2002FC6C7 /* SafariWebExtensionHandler.swift in Sources */ = {isa = PBXBuildFile; fileRef = 0568F4912BEAEBE2002FC6C7 /* SafariWebExtensionHandler.swift */; };
		0568F4952BEAEBE2002FC6C7 /* _locales in Resources */ = {isa = PBXBuildFile; fileRef = 0568F4942BEAEBE2002FC6C7 /* _locales */; };
		0568F4972BEAEBE2002FC6C7 /* images in Resources */ = {isa = PBXBuildFile; fileRef = 0568F4962BEAEBE2002FC6C7 /* images */; };
		0568F4992BEAEBE2002FC6C7 /* manifest.json in Resources */ = {isa = PBXBuildFile; fileRef = 0568F4982BEAEBE2002FC6C7 /* manifest.json */; };
		0568F49B2BEAEBE2002FC6C7 /* background.js in Resources */ = {isa = PBXBuildFile; fileRef = 0568F49A2BEAEBE2002FC6C7 /* background.js */; };
		0568F49D2BEAEBE2002FC6C7 /* content.js in Resources */ = {isa = PBXBuildFile; fileRef = 0568F49C2BEAEBE2002FC6C7 /* content.js */; };
		0568F49F2BEAEBE2002FC6C7 /* popup.html in Resources */ = {isa = PBXBuildFile; fileRef = 0568F49E2BEAEBE2002FC6C7 /* popup.html */; };
		0568F4A12BEAEBE2002FC6C7 /* popup.css in Resources */ = {isa = PBXBuildFile; fileRef = 0568F4A02BEAEBE2002FC6C7 /* popup.css */; };
		0568F4A32BEAEBE2002FC6C7 /* popup.js in Resources */ = {isa = PBXBuildFile; fileRef = 0568F4A22BEAEBE2002FC6C7 /* popup.js */; };
/* End PBXBuildFile section */

/* Begin PBXContainerItemProxy section */
		0568F48E2BEAEBE2002FC6C7 /* PBXContainerItemProxy */ = {
			isa = PBXContainerItemProxy;
			containerPortal = 0568F4682BEAEBE0002FC6C7 /* Project object */;
			proxyType = 1;
			remoteGlobalIDString = 0568F48B2BEAEBE2002FC6C7;
			remoteInfo = "SkipTube Extension";
		};
/* End PBXContainerItemProxy section */

/* Begin PBXCopyFilesBuildPhase section */
		0568F4AB2BEAEBE2002FC6C7 /* Embed Foundation Extensions */ = {
			isa = PBXCopyFilesBuildPhase;
			buildActionMask = 2147483647;
			dstPath = "";
			dstSubfolderSpec = 13;
			files = (
				0568F48D2BEAEBE2002FC6C7 /* SkipTube Extension.appex in Embed Foundation Extensions */,
			);
			name = "Embed Foundation Extensions";
			runOnlyForDeploymentPostprocessing = 0;
		};
/* End PBXCopyFilesBuildPhase section */

/* Begin PBXFileReference section */
		0568F4702BEAEBE0002FC6C7 /* SkipTube.app */ = {isa = PBXFileReference; explicitFileType = wrapper.application; includeInIndex = 0; path = SkipTube.app; sourceTree = BUILT_PRODUCTS_DIR; };
		0568F4732BEAEBE0002FC6C7 /* AppDelegate.swift */ = {isa = PBXFileReference; lastKnownFileType = sourcecode.swift; path = AppDelegate.swift; sourceTree = "<group>"; };
		0568F4772BEAEBE0002FC6C7 /* Base */ = {isa = PBXFileReference; lastKnownFileType = text.html; name = Base; path = ../Base.lproj/Main.html; sourceTree = "<group>"; };
		0568F4792BEAEBE0002FC6C7 /* Icon.png */ = {isa = PBXFileReference; lastKnownFileType = image.png; path = Icon.png; sourceTree = "<group>"; };
		0568F47B2BEAEBE0002FC6C7 /* Style.css */ = {isa = PBXFileReference; lastKnownFileType = text.css; path = Style.css; sourceTree = "<group>"; };
		0568F47D2BEAEBE0002FC6C7 /* Script.js */ = {isa = PBXFileReference; lastKnownFileType = sourcecode.javascript; path = Script.js; sourceTree = "<group>"; };
		0568F47F2BEAEBE0002FC6C7 /* ViewController.swift */ = {isa = PBXFileReference; lastKnownFileType = sourcecode.swift; path = ViewController.swift; sourceTree = "<group>"; };
		0568F4822BEAEBE0002FC6C7 /* Base */ = {isa = PBXFileReference; lastKnownFileType = file.storyboard; name = Base; path = Base.lproj/Main.storyboard; sourceTree = "<group>"; };
		0568F4842BEAEBE2002FC6C7 /* Assets.xcassets */ = {isa = PBXFileReference; lastKnownFileType = folder.assetcatalog; path = Assets.xcassets; sourceTree = "<group>"; };
		0568F4862BEAEBE2002FC6C7 /* SkipTube.entitlements */ = {isa = PBXFileReference; lastKnownFileType = text.plist.entitlements; path = SkipTube.entitlements; sourceTree = "<group>"; };
		0568F4872BEAEBE2002FC6C7 /* SkipTube.entitlements */ = {isa = PBXFileReference; lastKnownFileType = text.plist.entitlements; path = SkipTube.entitlements; sourceTree = "<group>"; };
		0568F48C2BEAEBE2002FC6C7 /* SkipTube Extension.appex */ = {isa = PBXFileReference; explicitFileType = "wrapper.app-extension"; includeInIndex = 0; path = "SkipTube Extension.appex"; sourceTree = BUILT_PRODUCTS_DIR; };
		0568F4912BEAEBE2002FC6C7 /* SafariWebExtensionHandler.swift */ = {isa = PBXFileReference; lastKnownFileType = sourcecode.swift; path = SafariWebExtensionHandler.swift; sourceTree = "<group>"; };
		0568F4942BEAEBE2002FC6C7 /* _locales */ = {isa = PBXFileReference; lastKnownFileType = folder; path = _locales; sourceTree = "<group>"; };
		0568F4962BEAEBE2002FC6C7 /* images */ = {isa = PBXFileReference; lastKnownFileType = folder; path = images; sourceTree = "<group>"; };
		0568F4982BEAEBE2002FC6C7 /* manifest.json */ = {isa = PBXFileReference; lastKnownFileType = text.json; path = manifest.json; sourceTree = "<group>"; };
		0568F49A2BEAEBE2002FC6C7 /* background.js */ = {isa = PBXFileReference; lastKnownFileType = sourcecode.javascript; path = background.js; sourceTree = "<group>"; };
		0568F49C2BEAEBE2002FC6C7 /* content.js */ = {isa = PBXFileReference; lastKnownFileType = sourcecode.javascript; path = content.js; sourceTree = "<group>"; };
		0568F49E2BEAEBE2002FC6C7 /* popup.html */ = {isa = PBXFileReference; lastKnownFileType = text.html; path = popup.html; sourceTree = "<group>"; };
		0568F4A02BEAEBE2002FC6C7 /* popup.css */ = {isa = PBXFileReference; lastKnownFileType = text.css; path = popup.css; sourceTree = "<group>"; };
		0568F4A22BEAEBE2002FC6C7 /* popup.js */ = {isa = PBXFileReference; lastKnownFileType = sourcecode.javascript; path = popup.js; sourceTree = "<group>"; };
		0568F4A42BEAEBE2002FC6C7 /* Info.plist */ = {isa = PBXFileReference; lastKnownFileType = text.plist.xml; path = Info.plist; sourceTree = "<group>"; };
		0568F4A52BEAEBE2002FC6C7 /* SkipTube_Extension.entitlements */ = {isa = PBXFileReference; lastKnownFileType = text.plist.entitlements; path = SkipTube_Extension.entitlements; sourceTree = "<group>"; };
/* End PBXFileReference section */

/* Begin PBXFrameworksBuildPhase section */
		0568F46D2BEAEBE0002FC6C7 /* Frameworks */ = {
			isa = PBXFrameworksBuildPhase;
			buildActionMask = 2147483647;
			files = (
			);
			runOnlyForDeploymentPostprocessing = 0;
		};
		0568F4892BEAEBE2002FC6C7 /* Frameworks */ = {
			isa = PBXFrameworksBuildPhase;
			buildActionMask = 2147483647;
			files = (
			);
			runOnlyForDeploymentPostprocessing = 0;
		};
/* End PBXFrameworksBuildPhase section */

/* Begin PBXGroup section */
		0568F4672BEAEBE0002FC6C7 = {
			isa = PBXGroup;
			children = (
				0568F4722BEAEBE0002FC6C7 /* SkipTube */,
				0568F4902BEAEBE2002FC6C7 /* SkipTube Extension */,
				0568F4712BEAEBE0002FC6C7 /* Products */,
			);
			sourceTree = "<group>";
		};
		0568F4712BEAEBE0002FC6C7 /* Products */ = {
			isa = PBXGroup;
			children = (
				0568F4702BEAEBE0002FC6C7 /* SkipTube.app */,
				0568F48C2BEAEBE2002FC6C7 /* SkipTube Extension.appex */,
			);
			name = Products;
			sourceTree = "<group>";
		};
		0568F4722BEAEBE0002FC6C7 /* SkipTube */ = {
			isa = PBXGroup;
			children = (
				0568F4732BEAEBE0002FC6C7 /* AppDelegate.swift */,
				0568F47F2BEAEBE0002FC6C7 /* ViewController.swift */,
				0568F4812BEAEBE0002FC6C7 /* Main.storyboard */,
				0568F4842BEAEBE2002FC6C7 /* Assets.xcassets */,
				0568F4862BEAEBE2002FC6C7 /* SkipTube.entitlements */,
				0568F4872BEAEBE2002FC6C7 /* SkipTube.entitlements */,
				0568F4752BEAEBE0002FC6C7 /* Resources */,
			);
			path = SkipTube;
			sourceTree = "<group>";
		};
		0568F4752BEAEBE0002FC6C7 /* Resources */ = {
			isa = PBXGroup;
			children = (
				0568F4762BEAEBE0002FC6C7 /* Main.html */,
				0568F4792BEAEBE0002FC6C7 /* Icon.png */,
				0568F47B2BEAEBE0002FC6C7 /* Style.css */,
				0568F47D2BEAEBE0002FC6C7 /* Script.js */,
			);
			path = Resources;
			sourceTree = "<group>";
		};
		0568F4902BEAEBE2002FC6C7 /* SkipTube Extension */ = {
			isa = PBXGroup;
			children = (
				0568F4912BEAEBE2002FC6C7 /* SafariWebExtensionHandler.swift */,
				0568F4A42BEAEBE2002FC6C7 /* Info.plist */,
				0568F4A52BEAEBE2002FC6C7 /* SkipTube_Extension.entitlements */,
				0568F4932BEAEBE2002FC6C7 /* Resources */,
			);
			path = "SkipTube Extension";
			sourceTree = "<group>";
		};
		0568F4932BEAEBE2002FC6C7 /* Resources */ = {
			isa = PBXGroup;
			children = (
				0568F4942BEAEBE2002FC6C7 /* _locales */,
				0568F4962BEAEBE2002FC6C7 /* images */,
				0568F4982BEAEBE2002FC6C7 /* manifest.json */,
				0568F49A2BEAEBE2002FC6C7 /* background.js */,
				0568F49C2BEAEBE2002FC6C7 /* content.js */,
				0568F49E2BEAEBE2002FC6C7 /* popup.html */,
				0568F4A02BEAEBE2002FC6C7 /* popup.css */,
				0568F4A22BEAEBE2002FC6C7 /* popup.js */,
			);
			path = Resources;
			sourceTree = "<group>";
		};
/* End PBXGroup section */

/* Begin PBXNativeTarget section */
		0568F46F2BEAEBE0002FC6C7 /* SkipTube */ = {
			isa = PBXNativeTarget;
			buildConfigurationList = 0568F4AC2BEAEBE2002FC6C7 /* Build configuration list for PBXNativeTarget "SkipTube" */;
			buildPhases = (
				0568F46C2BEAEBE0002FC6C7 /* Sources */,
				0568F46D2BEAEBE0002FC6C7 /* Frameworks */,
				0568F46E2BEAEBE0002FC6C7 /* Resources */,
				0568F4AB2BEAEBE2002FC6C7 /* Embed Foundation Extensions */,
			);
			buildRules = (
			);
			dependencies = (
				0568F48F2BEAEBE2002FC6C7 /* PBXTargetDependency */,
			);
			name = SkipTube;
			productName = SkipTube;
			productReference = 0568F4702BEAEBE0002FC6C7 /* SkipTube.app */;
			productType = "com.apple.product-type.application";
		};
		0568F48B2BEAEBE2002FC6C7 /* SkipTube Extension */ = {
			isa = PBXNativeTarget;
			buildConfigurationList = 0568F4A82BEAEBE2002FC6C7 /* Build configuration list for PBXNativeTarget "SkipTube Extension" */;
			buildPhases = (
				0568F4882BEAEBE2002FC6C7 /* Sources */,
				0568F4892BEAEBE2002FC6C7 /* Frameworks */,
				0568F48A2BEAEBE2002FC6C7 /* Resources */,
			);
			buildRules = (
			);
			dependencies = (
			);
			name = "SkipTube Extension";
			productName = "SkipTube Extension";
			productReference = 0568F48C2BEAEBE2002FC6C7 /* SkipTube Extension.appex */;
			productType = "com.apple.product-type.app-extension";
		};
/* End PBXNativeTarget section */

/* Begin PBXProject section */
		0568F4682BEAEBE0002FC6C7 /* Project object */ = {
			isa = PBXProject;
			attributes = {
				BuildIndependentTargetsInParallel = 1;
				LastSwiftUpdateCheck = 1530;
				LastUpgradeCheck = 1540;
				TargetAttributes = {
					0568F46F2BEAEBE0002FC6C7 = {
						CreatedOnToolsVersion = 15.3;
					};
					0568F48B2BEAEBE2002FC6C7 = {
						CreatedOnToolsVersion = 15.3;
					};
				};
			};
			buildConfigurationList = 0568F46B2BEAEBE0002FC6C7 /* Build configuration list for PBXProject "SkipTube" */;
			compatibilityVersion = "Xcode 14.0";
			developmentRegion = en;
			hasScannedForEncodings = 0;
			knownRegions = (
				en,
				Base,
			);
			mainGroup = 0568F4672BEAEBE0002FC6C7;
			productRefGroup = 0568F4712BEAEBE0002FC6C7 /* Products */;
			projectDirPath = "";
			projectRoot = "";
			targets = (
				0568F46F2BEAEBE0002FC6C7 /* SkipTube */,
				0568F48B2BEAEBE2002FC6C7 /* SkipTube Extension */,
			);
		};
/* End PBXProject section */

/* Begin PBXResourcesBuildPhase section */
		0568F46E2BEAEBE0002FC6C7 /* Resources */ = {
			isa = PBXResourcesBuildPhase;
			buildActionMask = 2147483647;
			files = (
				0568F47A2BEAEBE0002FC6C7 /* Icon.png in Resources */,
				0568F47E2BEAEBE0002FC6C7 /* Script.js in Resources */,
				0568F4782BEAEBE0002FC6C7 /* Base in Resources */,
				0568F47C2BEAEBE0002FC6C7 /* Style.css in Resources */,
				0568F4852BEAEBE2002FC6C7 /* Assets.xcassets in Resources */,
				0568F4832BEAEBE0002FC6C7 /* Base in Resources */,
			);
			runOnlyForDeploymentPostprocessing = 0;
		};
		0568F48A2BEAEBE2002FC6C7 /* Resources */ = {
			isa = PBXResourcesBuildPhase;
			buildActionMask = 2147483647;
			files = (
				0568F49B2BEAEBE2002FC6C7 /* background.js in Resources */,
				0568F4A12BEAEBE2002FC6C7 /* popup.css in Resources */,
				0568F49F2BEAEBE2002FC6C7 /* popup.html in Resources */,
				0568F4972BEAEBE2002FC6C7 /* images in Resources */,
				0568F4992BEAEBE2002FC6C7 /* manifest.json in Resources */,
				0568F4952BEAEBE2002FC6C7 /* _locales in Resources */,
				0568F49D2BEAEBE2002FC6C7 /* content.js in Resources */,
				0568F4A32BEAEBE2002FC6C7 /* popup.js in Resources */,
			);
			runOnlyForDeploymentPostprocessing = 0;
		};
/* End PBXResourcesBuildPhase section */

/* Begin PBXSourcesBuildPhase section */
		0568F46C2BEAEBE0002FC6C7 /* Sources */ = {
			isa = PBXSourcesBuildPhase;
			buildActionMask = 2147483647;
			files = (
				0568F4802BEAEBE0002FC6C7 /* ViewController.swift in Sources */,
				0568F4742BEAEBE0002FC6C7 /* AppDelegate.swift in Sources */,
			);
			runOnlyForDeploymentPostprocessing = 0;
		};
		0568F4882BEAEBE2002FC6C7 /* Sources */ = {
			isa = PBXSourcesBuildPhase;
			buildActionMask = 2147483647;
			files = (
				0568F4922BEAEBE2002FC6C7 /* SafariWebExtensionHandler.swift in Sources */,
			);
			runOnlyForDeploymentPostprocessing = 0;
		};
/* End PBXSourcesBuildPhase section */

/* Begin PBXTargetDependency section */
		0568F48F2BEAEBE2002FC6C7 /* PBXTargetDependency */ = {
			isa = PBXTargetDependency;
			target = 0568F48B2BEAEBE2002FC6C7 /* SkipTube Extension */;
			targetProxy = 0568F48E2BEAEBE2002FC6C7 /* PBXContainerItemProxy */;
		};
/* End PBXTargetDependency section */

/* Begin PBXVariantGroup section */
		0568F4762BEAEBE0002FC6C7 /* Main.html */ = {
			isa = PBXVariantGroup;
			children = (
				0568F4772BEAEBE0002FC6C7 /* Base */,
			);
			name = Main.html;
			sourceTree = "<group>";
		};
		0568F4812BEAEBE0002FC6C7 /* Main.storyboard */ = {
			isa = PBXVariantGroup;
			children = (
				0568F4822BEAEBE0002FC6C7 /* Base */,
			);
			name = Main.storyboard;
			sourceTree = "<group>";
		};
/* End PBXVariantGroup section */

/* Begin XCBuildConfiguration section */
		0568F4A62BEAEBE2002FC6C7 /* Debug */ = {
			isa = XCBuildConfiguration;
			buildSettings = {
				ALWAYS_SEARCH_USER_PATHS = NO;
				ASSETCATALOG_COMPILER_GENERATE_SWIFT_ASSET_SYMBOL_EXTENSIONS = YES;
				CLANG_ANALYZER_NONNULL = YES;
				CLANG_ANALYZER_NUMBER_OBJECT_CONVERSION = YES_AGGRESSIVE;
				CLANG_CXX_LANGUAGE_STANDARD = "gnu++20";
				CLANG_ENABLE_MODULES = YES;
				CLANG_ENABLE_OBJC_ARC = YES;
				CLANG_ENABLE_OBJC_WEAK = YES;
				CLANG_WARN_BLOCK_CAPTURE_AUTORELEASING = YES;
				CLANG_WARN_BOOL_CONVERSION = YES;
				CLANG_WARN_COMMA = YES;
				CLANG_WARN_CONSTANT_CONVERSION = YES;
				CLANG_WARN_DEPRECATED_OBJC_IMPLEMENTATIONS = YES;
				CLANG_WARN_DIRECT_OBJC_ISA_USAGE = YES_ERROR;
				CLANG_WARN_DOCUMENTATION_COMMENTS = YES;
				CLANG_WARN_EMPTY_BODY = YES;
				CLANG_WARN_ENUM_CONVERSION = YES;
				CLANG_WARN_INFINITE_RECURSION = YES;
				CLANG_WARN_INT_CONVERSION = YES;
				CLANG_WARN_NON_LITERAL_NULL_CONVERSION = YES;
				CLANG_WARN_OBJC_IMPLICIT_RETAIN_SELF = YES;
				CLANG_WARN_OBJC_LITERAL_CONVERSION = YES;
				CLANG_WARN_OBJC_ROOT_CLASS = YES_ERROR;
				CLANG_WARN_QUOTED_INCLUDE_IN_FRAMEWORK_HEADER = YES;
				CLANG_WARN_RANGE_LOOP_ANALYSIS = YES;
				CLANG_WARN_STRICT_PROTOTYPES = YES;
				CLANG_WARN_SUSPICIOUS_MOVE = YES;
				CLANG_WARN_UNGUARDED_AVAILABILITY = YES_AGGRESSIVE;
				CLANG_WARN_UNREACHABLE_CODE = YES;
				CLANG_WARN__DUPLICATE_METHOD_MATCH = YES;
				COPY_PHASE_STRIP = NO;
				CURRENT_PROJECT_VERSION = 5;
				DEAD_CODE_STRIPPING = YES;
				DEBUG_INFORMATION_FORMAT = dwarf;
				ENABLE_STRICT_OBJC_MSGSEND = YES;
				ENABLE_TESTABILITY = YES;
				ENABLE_USER_SCRIPT_SANDBOXING = YES;
				GCC_C_LANGUAGE_STANDARD = gnu17;
				GCC_DYNAMIC_NO_PIC = NO;
				GCC_NO_COMMON_BLOCKS = YES;
				GCC_OPTIMIZATION_LEVEL = 0;
				GCC_PREPROCESSOR_DEFINITIONS = (
					"DEBUG=1",
					"$(inherited)",
				);
				GCC_WARN_64_TO_32_BIT_CONVERSION = YES;
				GCC_WARN_ABOUT_RETURN_TYPE = YES_ERROR;
				GCC_WARN_UNDECLARED_SELECTOR = YES;
				GCC_WARN_UNINITIALIZED_AUTOS = YES_AGGRESSIVE;
				GCC_WARN_UNUSED_FUNCTION = YES;
				GCC_WARN_UNUSED_VARIABLE = YES;
				LOCALIZATION_PREFERS_STRING_CATALOGS = YES;
				MACOSX_DEPLOYMENT_TARGET = 10.13;
				MTL_ENABLE_DEBUG_INFO = INCLUDE_SOURCE;
				MTL_FAST_MATH = YES;
				ONLY_ACTIVE_ARCH = YES;
				SDKROOT = macosx;
				SWIFT_ACTIVE_COMPILATION_CONDITIONS = "DEBUG $(inherited)";
				SWIFT_OPTIMIZATION_LEVEL = "-Onone";
			};
			name = Debug;
		};
		0568F4A72BEAEBE2002FC6C7 /* Release */ = {
			isa = XCBuildConfiguration;
			buildSettings = {
				ALWAYS_SEARCH_USER_PATHS = NO;
				ASSETCATALOG_COMPILER_GENERATE_SWIFT_ASSET_SYMBOL_EXTENSIONS = YES;
				CLANG_ANALYZER_NONNULL = YES;
				CLANG_ANALYZER_NUMBER_OBJECT_CONVERSION = YES_AGGRESSIVE;
				CLANG_CXX_LANGUAGE_STANDARD = "gnu++20";
				CLANG_ENABLE_MODULES = YES;
				CLANG_ENABLE_OBJC_ARC = YES;
				CLANG_ENABLE_OBJC_WEAK = YES;
				CLANG_WARN_BLOCK_CAPTURE_AUTORELEASING = YES;
				CLANG_WARN_BOOL_CONVERSION = YES;
				CLANG_WARN_COMMA = YES;
				CLANG_WARN_CONSTANT_CONVERSION = YES;
				CLANG_WARN_DEPRECATED_OBJC_IMPLEMENTATIONS = YES;
				CLANG_WARN_DIRECT_OBJC_ISA_USAGE = YES_ERROR;
				CLANG_WARN_DOCUMENTATION_COMMENTS = YES;
				CLANG_WARN_EMPTY_BODY = YES;
				CLANG_WARN_ENUM_CONVERSION = YES;
				CLANG_WARN_INFINITE_RECURSION = YES;
				CLANG_WARN_INT_CONVERSION = YES;
				CLANG_WARN_NON_LITERAL_NULL_CONVERSION = YES;
				CLANG_WARN_OBJC_IMPLICIT_RETAIN_SELF = YES;
				CLANG_WARN_OBJC_LITERAL_CONVERSION = YES;
				CLANG_WARN_OBJC_ROOT_CLASS = YES_ERROR;
				CLANG_WARN_QUOTED_INCLUDE_IN_FRAMEWORK_HEADER = YES;
				CLANG_WARN_RANGE_LOOP_ANALYSIS = YES;
				CLANG_WARN_STRICT_PROTOTYPES = YES;
				CLANG_WARN_SUSPICIOUS_MOVE = YES;
				CLANG_WARN_UNGUARDED_AVAILABILITY = YES_AGGRESSIVE;
				CLANG_WARN_UNREACHABLE_CODE = YES;
				CLANG_WARN__DUPLICATE_METHOD_MATCH = YES;
				COPY_PHASE_STRIP = NO;
				CURRENT_PROJECT_VERSION = 5;
				DEAD_CODE_STRIPPING = YES;
				DEBUG_INFORMATION_FORMAT = "dwarf-with-dsym";
				ENABLE_NS_ASSERTIONS = NO;
				ENABLE_STRICT_OBJC_MSGSEND = YES;
				ENABLE_USER_SCRIPT_SANDBOXING = YES;
				GCC_C_LANGUAGE_STANDARD = gnu17;
				GCC_NO_COMMON_BLOCKS = YES;
				GCC_WARN_64_TO_32_BIT_CONVERSION = YES;
				GCC_WARN_ABOUT_RETURN_TYPE = YES_ERROR;
				GCC_WARN_UNDECLARED_SELECTOR = YES;
				GCC_WARN_UNINITIALIZED_AUTOS = YES_AGGRESSIVE;
				GCC_WARN_UNUSED_FUNCTION = YES;
				GCC_WARN_UNUSED_VARIABLE = YES;
				LOCALIZATION_PREFERS_STRING_CATALOGS = YES;
				MACOSX_DEPLOYMENT_TARGET = 10.13;
				MTL_ENABLE_DEBUG_INFO = NO;
				MTL_FAST_MATH = YES;
				SDKROOT = macosx;
				SWIFT_COMPILATION_MODE = wholemodule;
			};
			name = Release;
		};
		0568F4A92BEAEBE2002FC6C7 /* Debug */ = {
			isa = XCBuildConfiguration;
			buildSettings = {
				CODE_SIGN_ENTITLEMENTS = "SkipTube Extension/SkipTube_Extension.entitlements";
				CODE_SIGN_STYLE = Automatic;
				CURRENT_PROJECT_VERSION = 5;
				DEAD_CODE_STRIPPING = YES;
				DEVELOPMENT_TEAM = 77J7879XVY;
				ENABLE_HARDENED_RUNTIME = YES;
				GENERATE_INFOPLIST_FILE = YES;
				INFOPLIST_FILE = "SkipTube Extension/Info.plist";
				INFOPLIST_KEY_CFBundleDisplayName = "SkipTube Extension";
				INFOPLIST_KEY_LSApplicationCategoryType = "public.app-category.utilities";
				INFOPLIST_KEY_NSHumanReadableCopyright = "";
				LD_RUNPATH_SEARCH_PATHS = (
					"$(inherited)",
					"@executable_path/../Frameworks",
					"@executable_path/../../../../Frameworks",
				);
				MACOSX_DEPLOYMENT_TARGET = "$(RECOMMENDED_MACOSX_DEPLOYMENT_TARGET)";
				MARKETING_VERSION = 2.1;
				OTHER_LDFLAGS = (
					"-framework",
					SafariServices,
				);
				PRODUCT_BUNDLE_IDENTIFIER = com.notaris.SkipTube.Extension;
				PRODUCT_NAME = "$(TARGET_NAME)";
				SKIP_INSTALL = YES;
				SWIFT_EMIT_LOC_STRINGS = YES;
				SWIFT_VERSION = 5.0;
			};
			name = Debug;
		};
		0568F4AA2BEAEBE2002FC6C7 /* Release */ = {
			isa = XCBuildConfiguration;
			buildSettings = {
				CODE_SIGN_ENTITLEMENTS = "SkipTube Extension/SkipTube_Extension.entitlements";
				CODE_SIGN_STYLE = Automatic;
				CURRENT_PROJECT_VERSION = 5;
				DEAD_CODE_STRIPPING = YES;
				DEVELOPMENT_TEAM = 77J7879XVY;
				ENABLE_HARDENED_RUNTIME = YES;
				GENERATE_INFOPLIST_FILE = YES;
				INFOPLIST_FILE = "SkipTube Extension/Info.plist";
				INFOPLIST_KEY_CFBundleDisplayName = "SkipTube Extension";
				INFOPLIST_KEY_LSApplicationCategoryType = "public.app-category.utilities";
				INFOPLIST_KEY_NSHumanReadableCopyright = "";
				LD_RUNPATH_SEARCH_PATHS = (
					"$(inherited)",
					"@executable_path/../Frameworks",
					"@executable_path/../../../../Frameworks",
				);
				MACOSX_DEPLOYMENT_TARGET = "$(RECOMMENDED_MACOSX_DEPLOYMENT_TARGET)";
				MARKETING_VERSION = 2.1;
				OTHER_LDFLAGS = (
					"-framework",
					SafariServices,
				);
				PRODUCT_BUNDLE_IDENTIFIER = com.notaris.SkipTube.Extension;
				PRODUCT_NAME = "$(TARGET_NAME)";
				SKIP_INSTALL = YES;
				SWIFT_EMIT_LOC_STRINGS = YES;
				SWIFT_VERSION = 5.0;
			};
			name = Release;
		};
		0568F4AD2BEAEBE2002FC6C7 /* Debug */ = {
			isa = XCBuildConfiguration;
			buildSettings = {
				ALWAYS_EMBED_SWIFT_STANDARD_LIBRARIES = YES;
				ASSETCATALOG_COMPILER_APPICON_NAME = AppIcon;
				ASSETCATALOG_COMPILER_GLOBAL_ACCENT_COLOR_NAME = AccentColor;
				CODE_SIGN_ENTITLEMENTS = SkipTube/SkipTube.entitlements;
				CODE_SIGN_STYLE = Automatic;
				COMBINE_HIDPI_IMAGES = YES;
				CURRENT_PROJECT_VERSION = 5;
				DEAD_CODE_STRIPPING = YES;
				DEVELOPMENT_TEAM = 77J7879XVY;
				ENABLE_HARDENED_RUNTIME = YES;
				GENERATE_INFOPLIST_FILE = YES;
				INFOPLIST_KEY_CFBundleDisplayName = SkipTube;
				INFOPLIST_KEY_LSApplicationCategoryType = "public.app-category.utilities";
				INFOPLIST_KEY_NSHumanReadableCopyright = "";
				INFOPLIST_KEY_NSMainStoryboardFile = Main;
				INFOPLIST_KEY_NSPrincipalClass = NSApplication;
				LD_RUNPATH_SEARCH_PATHS = (
					"$(inherited)",
					"@executable_path/../Frameworks",
				);
				MACOSX_DEPLOYMENT_TARGET = "$(RECOMMENDED_MACOSX_DEPLOYMENT_TARGET)";
				MARKETING_VERSION = 2.1;
				OTHER_LDFLAGS = (
					"-framework",
					SafariServices,
					"-framework",
					WebKit,
				);
				PRODUCT_BUNDLE_IDENTIFIER = com.notaris.SkipTube;
				PRODUCT_NAME = "$(TARGET_NAME)";
				SWIFT_EMIT_LOC_STRINGS = YES;
				SWIFT_VERSION = 5.0;
			};
			name = Debug;
		};
		0568F4AE2BEAEBE2002FC6C7 /* Release */ = {
			isa = XCBuildConfiguration;
			buildSettings = {
				ALWAYS_EMBED_SWIFT_STANDARD_LIBRARIES = YES;
				ASSETCATALOG_COMPILER_APPICON_NAME = AppIcon;
				ASSETCATALOG_COMPILER_GLOBAL_ACCENT_COLOR_NAME = AccentColor;
				CODE_SIGN_ENTITLEMENTS = SkipTube/SkipTube.entitlements;
				CODE_SIGN_STYLE = Automatic;
				COMBINE_HIDPI_IMAGES = YES;
				CURRENT_PROJECT_VERSION = 5;
				DEAD_CODE_STRIPPING = YES;
				DEVELOPMENT_TEAM = 77J7879XVY;
				ENABLE_HARDENED_RUNTIME = YES;
				GENERATE_INFOPLIST_FILE = YES;
				INFOPLIST_KEY_CFBundleDisplayName = SkipTube;
				INFOPLIST_KEY_LSApplicationCategoryType = "public.app-category.utilities";
				INFOPLIST_KEY_NSHumanReadableCopyright = "";
				INFOPLIST_KEY_NSMainStoryboardFile = Main;
				INFOPLIST_KEY_NSPrincipalClass = NSApplication;
				LD_RUNPATH_SEARCH_PATHS = (
					"$(inherited)",
					"@executable_path/../Frameworks",
				);
				MACOSX_DEPLOYMENT_TARGET = "$(RECOMMENDED_MACOSX_DEPLOYMENT_TARGET)";
				MARKETING_VERSION = 2.1;
				OTHER_LDFLAGS = (
					"-framework",
					SafariServices,
					"-framework",
					WebKit,
				);
				PRODUCT_BUNDLE_IDENTIFIER = com.notaris.SkipTube;
				PRODUCT_NAME = "$(TARGET_NAME)";
				SWIFT_EMIT_LOC_STRINGS = YES;
				SWIFT_VERSION = 5.0;
			};
			name = Release;
		};
/* End XCBuildConfiguration section */

/* Begin XCConfigurationList section */
		0568F46B2BEAEBE0002FC6C7 /* Build configuration list for PBXProject "SkipTube" */ = {
			isa = XCConfigurationList;
			buildConfigurations = (
				0568F4A62BEAEBE2002FC6C7 /* Debug */,
				0568F4A72BEAEBE2002FC6C7 /* Release */,
			);
			defaultConfigurationIsVisible = 0;
			defaultConfigurationName = Release;
		};
		0568F4A82BEAEBE2002FC6C7 /* Build configuration list for PBXNativeTarget "SkipTube Extension" */ = {
			isa = XCConfigurationList;
			buildConfigurations = (
				0568F4A92BEAEBE2002FC6C7 /* Debug */,
				0568F4AA2BEAEBE2002FC6C7 /* Release */,
			);
			defaultConfigurationIsVisible = 0;
			defaultConfigurationName = Release;
		};
		0568F4AC2BEAEBE2002FC6C7 /* Build configuration list for PBXNativeTarget "SkipTube" */ = {
			isa = XCConfigurationList;
			buildConfigurations = (
				0568F4AD2BEAEBE2002FC6C7 /* Debug */,
				0568F4AE2BEAEBE2002FC6C7 /* Release */,
			);
			defaultConfigurationIsVisible = 0;
			defaultConfigurationName = Release;
		};
/* End XCConfigurationList section */
	};
	rootObject = 0568F4682BEAEBE0002FC6C7 /* Project object */;
}
